
Microsoft Visual Studio Solution File, Format Version 12.00
# Visual Studio 15
VisualStudioVersion = 15.0.28307.329
MinimumVisualStudioVersion = 10.0.40219.1
Project("{FAE04EC0-301F-11D3-BF4B-00C04F79EFBC}") = "Calculator", "Calculator\Calculator.csproj", "{13AD170D-0B9F-4E80-B4BB-6F3AF449CAAC}"
EndProject
Global
	GlobalSection(SolutionConfigurationPlatforms) = preSolution
		Debug|Any CPU = Debug|Any CPU
		Release|Any CPU = Release|Any CPU
	EndGlobalSection
	GlobalSection(ProjectConfigurationPlatforms) = postSolution
		{13AD170D-0B9F-4E80-B4BB-6F3AF449CAAC}.Debug|Any CPU.ActiveCfg = Debug|Any CPU
		{13AD170D-0B9F-4E80-B4BB-6F3AF449CAAC}.Debug|Any CPU.Build.0 = Debug|Any CPU
		{13AD170D-0B9F-4E80-B4BB-6F3AF449CAAC}.Release|Any CPU.ActiveCfg = Release|Any CPU
		{13AD170D-0B9F-4E80-B4BB-6F3AF449CAAC}.Release|Any CPU.Build.0 = Release|Any CPU
	EndGlobalSection
	GlobalSection(SolutionProperties) = preSolution
		HideSolutionNode = FALSE
	EndGlobalSection
	GlobalSection(ExtensibilityGlobals) = postSolution
		SolutionGuid = {0F408332-26F0-49D7-9C03-8CFFB1D3C060}
	EndGlobalSection
EndGlobal
